
Microsoft Visual Studio Solution File, Format Version 12.00
# Visual Studio Version 18
VisualStudioVersion = 18.4.11620.152
MinimumVisualStudioVersion = 10.0.40219.1
Project("{FAE04EC0-301F-11D3-BF4B-00C04F79EFBC}") = "KinoCinema", "KinoCinema\KinoCinema.csproj", "{A4210B7A-32AB-4298-BAE8-C712E1F1F10C}"
EndProject
Project("{FAE04EC0-301F-11D3-BF4B-00C04F79EFBC}") = "UnitTestProject", "UnitTestProject\UnitTestProject.csproj", "{C46BF998-A8F0-45BE-84C6-147A8FB61357}"
EndProject
Project("{2150E333-8FDC-42A3-9474-1A3956D46DE8}") = "Элементы решения", "Элементы решения", "{905EFCB1-76C6-4538-979C-CAD46F0EA5F7}"
	ProjectSection(SolutionItems) = preProject
		CinemaDB.sql = CinemaDB.sql
	EndProjectSection
EndProject
Global
	GlobalSection(SolutionConfigurationPlatforms) = preSolution
		Debug|Any CPU = Debug|Any CPU
		Release|Any CPU = Release|Any CPU
	EndGlobalSection
	GlobalSection(ProjectConfigurationPlatforms) = postSolution
		{A4210B7A-32AB-4298-BAE8-C712E1F1F10C}.Debug|Any CPU.ActiveCfg = Debug|Any CPU
		{A4210B7A-32AB-4298-BAE8-C712E1F1F10C}.Debug|Any CPU.Build.0 = Debug|Any CPU
		{A4210B7A-32AB-4298-BAE8-C712E1F1F10C}.Release|Any CPU.ActiveCfg = Release|Any CPU
		{A4210B7A-32AB-4298-BAE8-C712E1F1F10C}.Release|Any CPU.Build.0 = Release|Any CPU
		{C46BF998-A8F0-45BE-84C6-147A8FB61357}.Debug|Any CPU.ActiveCfg = Debug|Any CPU
		{C46BF998-A8F0-45BE-84C6-147A8FB61357}.Debug|Any CPU.Build.0 = Debug|Any CPU
		{C46BF998-A8F0-45BE-84C6-147A8FB61357}.Release|Any CPU.ActiveCfg = Release|Any CPU
		{C46BF998-A8F0-45BE-84C6-147A8FB61357}.Release|Any CPU.Build.0 = Release|Any CPU
	EndGlobalSection
	GlobalSection(SolutionProperties) = preSolution
		HideSolutionNode = FALSE
	EndGlobalSection
	GlobalSection(ExtensibilityGlobals) = postSolution
		SolutionGuid = {4EF2AB7F-8317-4DDD-A37C-AEC33F9DD04C}
	EndGlobalSection
EndGlobal
